
Microsoft Visual Studio Solution File, Format Version 12.00
# Visual Studio Version 16
VisualStudioVersion = 16.0.30128.74
MinimumVisualStudioVersion = 10.0.40219.1
Project("{FAE04EC0-301F-11D3-BF4B-00C04F79EFBC}") = "TextFileToDungeonMap", "TextFileToDungeonMap\TextFileToDungeonMap.csproj", "{4F574101-1D24-4A81-AEC4-30896AC14BB8}"
EndProject
Global
	GlobalSection(SolutionConfigurationPlatforms) = preSolution
		Debug|Any CPU = Debug|Any CPU
		Release|Any CPU = Release|Any CPU
	EndGlobalSection
	GlobalSection(ProjectConfigurationPlatforms) = postSolution
		{4F574101-1D24-4A81-AEC4-30896AC14BB8}.Debug|Any CPU.ActiveCfg = Debug|Any CPU
		{4F574101-1D24-4A81-AEC4-30896AC14BB8}.Debug|Any CPU.Build.0 = Debug|Any CPU
		{4F574101-1D24-4A81-AEC4-30896AC14BB8}.Release|Any CPU.ActiveCfg = Release|Any CPU
		{4F574101-1D24-4A81-AEC4-30896AC14BB8}.Release|Any CPU.Build.0 = Release|Any CPU
	EndGlobalSection
	GlobalSection(SolutionProperties) = preSolution
		HideSolutionNode = FALSE
	EndGlobalSection
	GlobalSection(ExtensibilityGlobals) = postSolution
		SolutionGuid = {67A6A104-0E80-49FC-AC84-4715B9518E7E}
	EndGlobalSection
EndGlobal
